
Microsoft Visual Studio Solution File, Format Version 12.00
# Visual Studio 15
VisualStudioVersion = 15.0.28307.1022
MinimumVisualStudioVersion = 10.0.40219.1
Project("{FAE04EC0-301F-11D3-BF4B-00C04F79EFBC}") = "SimpleCalculatorusingMVC", "SimpleCalculatorusingMVC\SimpleCalculatorusingMVC.csproj", "{D3B5051C-AA14-4269-B133-6B5080266316}"
EndProject
Global
	GlobalSection(SolutionConfigurationPlatforms) = preSolution
		Debug|Any CPU = Debug|Any CPU
		Release|Any CPU = Release|Any CPU
	EndGlobalSection
	GlobalSection(ProjectConfigurationPlatforms) = postSolution
		{D3B5051C-AA14-4269-B133-6B5080266316}.Debug|Any CPU.ActiveCfg = Debug|Any CPU
		{D3B5051C-AA14-4269-B133-6B5080266316}.Debug|Any CPU.Build.0 = Debug|Any CPU
		{D3B5051C-AA14-4269-B133-6B5080266316}.Release|Any CPU.ActiveCfg = Release|Any CPU
		{D3B5051C-AA14-4269-B133-6B5080266316}.Release|Any CPU.Build.0 = Release|Any CPU
	EndGlobalSection
	GlobalSection(SolutionProperties) = preSolution
		HideSolutionNode = FALSE
	EndGlobalSection
	GlobalSection(ExtensibilityGlobals) = postSolution
		SolutionGuid = {3192ECCA-6670-4F86-803D-AF20CA685EBE}
	EndGlobalSection
EndGlobal
